
Microsoft Visual Studio Solution File, Format Version 12.00
# Visual Studio Version 16
VisualStudioVersion = 16.0.29326.143
MinimumVisualStudioVersion = 10.0.40219.1
Project("{FAE04EC0-301F-11D3-BF4B-00C04F79EFBC}") = "CheckInSystem", "CheckInSystem.csproj", "{411561E2-A4D2-4B1E-BB8D-EF3CE298F88C}"
EndProject
Project("{FAE04EC0-301F-11D3-BF4B-00C04F79EFBC}") = "CheckInSystem.Tests", "..\..\xUnitProjects\CheckInSystem.Tests\CheckInSystem.Tests.csproj", "{8A103583-2E5E-4442-B34B-232CA2CB69B7}"
EndProject
Global
	GlobalSection(SolutionConfigurationPlatforms) = preSolution
		Debug|Any CPU = Debug|Any CPU
		Release|Any CPU = Release|Any CPU
	EndGlobalSection
	GlobalSection(ProjectConfigurationPlatforms) = postSolution
		{411561E2-A4D2-4B1E-BB8D-EF3CE298F88C}.Debug|Any CPU.ActiveCfg = Debug|Any CPU
		{411561E2-A4D2-4B1E-BB8D-EF3CE298F88C}.Debug|Any CPU.Build.0 = Debug|Any CPU
		{411561E2-A4D2-4B1E-BB8D-EF3CE298F88C}.Release|Any CPU.ActiveCfg = Release|Any CPU
		{411561E2-A4D2-4B1E-BB8D-EF3CE298F88C}.Release|Any CPU.Build.0 = Release|Any CPU
		{8A103583-2E5E-4442-B34B-232CA2CB69B7}.Debug|Any CPU.ActiveCfg = Debug|Any CPU
		{8A103583-2E5E-4442-B34B-232CA2CB69B7}.Debug|Any CPU.Build.0 = Debug|Any CPU
		{8A103583-2E5E-4442-B34B-232CA2CB69B7}.Release|Any CPU.ActiveCfg = Release|Any CPU
		{8A103583-2E5E-4442-B34B-232CA2CB69B7}.Release|Any CPU.Build.0 = Release|Any CPU
	EndGlobalSection
	GlobalSection(SolutionProperties) = preSolution
		HideSolutionNode = FALSE
	EndGlobalSection
	GlobalSection(ExtensibilityGlobals) = postSolution
		SolutionGuid = {AC2AE5D2-1350-45A9-9B52-F5ADC03D9D5A}
	EndGlobalSection
EndGlobal
